{
  "object": {
    "pins": [
      {
        "package": "CocoaLumberjack",
        "repositoryURL": "git@github.com:CocoaLumberjack/CocoaLumberjack",
        "state": {
          "branch": null,
          "revision": "ded5f5999c853e7fef61fc27db100b169db0e21f",
          "version": "3.6.0"
        }
      }
    ]
  },
  "version": 1
}
