PODS:
  - YapDatabase/Standard-ObjC/Core (3.1.4)
  - YapDatabase/Standard-ObjC/Extensions/ActionManager (3.1.4):
    - YapDatabase/Standard-ObjC/Core
    - YapDatabase/Standard-ObjC/Extensions/AutoView
  - YapDatabase/Standard-ObjC/Extensions/AutoView (3.1.4):
    - YapDatabase/Standard-ObjC/Core
    - YapDatabase/Standard-ObjC/Extensions/View
  - YapDatabase/Standard-ObjC/Extensions/CloudCore (3.1.4):
    - YapDatabase/Standard-ObjC/Core
  - YapDatabase/Standard-ObjC/Extensions/CloudKit (3.1.4):
    - YapDatabase/Standard-ObjC/Core
  - YapDatabase/Standard-ObjC/Extensions/CrossProcessNotification (3.1.4):
    - YapDatabase/Standard-ObjC/Core
  - YapDatabase/Standard-ObjC/Extensions/FilteredView (3.1.4):
    - YapDatabase/Standard-ObjC/Core
    - YapDatabase/Standard-ObjC/Extensions/View
  - YapDatabase/Standard-ObjC/Extensions/FullTextSearch (3.1.4):
    - YapDatabase/Standard-ObjC/Core
  - YapDatabase/Standard-ObjC/Extensions/Hooks (3.1.4):
    - YapDatabase/Standard-ObjC/Core
  - YapDatabase/Standard-ObjC/Extensions/ManualView (3.1.4):
    - YapDatabase/Standard-ObjC/Core
    - YapDatabase/Standard-ObjC/Extensions/View
  - YapDatabase/Standard-ObjC/Extensions/Relationships (3.1.4):
    - YapDatabase/Standard-ObjC/Core
  - YapDatabase/Standard-ObjC/Extensions/RTreeIndex (3.1.4):
    - YapDatabase/Standard-ObjC/Core
  - YapDatabase/Standard-ObjC/Extensions/SearchResultsView (3.1.4):
    - YapDatabase/Standard-ObjC/Core
    - YapDatabase/Standard-ObjC/Extensions/AutoView
    - YapDatabase/Standard-ObjC/Extensions/FullTextSearch
  - YapDatabase/Standard-ObjC/Extensions/SecondaryIndex (3.1.4):
    - YapDatabase/Standard-ObjC/Core
  - YapDatabase/Standard-ObjC/Extensions/View (3.1.4):
    - YapDatabase/Standard-ObjC/Core
  - YapDatabase/Standard-Swift (3.1.4):
    - YapDatabase/Standard-Swift/Core (= 3.1.4)
    - YapDatabase/Standard-Swift/Extensions (= 3.1.4)
  - YapDatabase/Standard-Swift/Core (3.1.4):
    - YapDatabase/Standard-ObjC/Core
  - YapDatabase/Standard-Swift/Extensions (3.1.4):
    - YapDatabase/Standard-Swift/Core
    - YapDatabase/Standard-Swift/Extensions/ActionManager (= 3.1.4)
    - YapDatabase/Standard-Swift/Extensions/AutoView (= 3.1.4)
    - YapDatabase/Standard-Swift/Extensions/CloudCore (= 3.1.4)
    - YapDatabase/Standard-Swift/Extensions/CloudKit (= 3.1.4)
    - YapDatabase/Standard-Swift/Extensions/CrossProcessNotification (= 3.1.4)
    - YapDatabase/Standard-Swift/Extensions/FilteredView (= 3.1.4)
    - YapDatabase/Standard-Swift/Extensions/FullTextSearch (= 3.1.4)
    - YapDatabase/Standard-Swift/Extensions/Hooks (= 3.1.4)
    - YapDatabase/Standard-Swift/Extensions/ManualView (= 3.1.4)
    - YapDatabase/Standard-Swift/Extensions/Relationships (= 3.1.4)
    - YapDatabase/Standard-Swift/Extensions/RTreeIndex (= 3.1.4)
    - YapDatabase/Standard-Swift/Extensions/SearchResultsView (= 3.1.4)
    - YapDatabase/Standard-Swift/Extensions/SecondaryIndex (= 3.1.4)
    - YapDatabase/Standard-Swift/Extensions/View (= 3.1.4)
  - YapDatabase/Standard-Swift/Extensions/ActionManager (3.1.4):
    - YapDatabase/Standard-ObjC/Extensions/ActionManager
    - YapDatabase/Standard-Swift/Core
    - YapDatabase/Standard-Swift/Extensions/AutoView
  - YapDatabase/Standard-Swift/Extensions/AutoView (3.1.4):
    - YapDatabase/Standard-ObjC/Extensions/AutoView
    - YapDatabase/Standard-Swift/Core
    - YapDatabase/Standard-Swift/Extensions/View
  - YapDatabase/Standard-Swift/Extensions/CloudCore (3.1.4):
    - YapDatabase/Standard-ObjC/Extensions/CloudCore
    - YapDatabase/Standard-Swift/Core
  - YapDatabase/Standard-Swift/Extensions/CloudKit (3.1.4):
    - YapDatabase/Standard-ObjC/Extensions/CloudKit
    - YapDatabase/Standard-Swift/Core
  - YapDatabase/Standard-Swift/Extensions/CrossProcessNotification (3.1.4):
    - YapDatabase/Standard-ObjC/Extensions/CrossProcessNotification
    - YapDatabase/Standard-Swift/Core
  - YapDatabase/Standard-Swift/Extensions/FilteredView (3.1.4):
    - YapDatabase/Standard-ObjC/Extensions/FilteredView
    - YapDatabase/Standard-Swift/Core
    - YapDatabase/Standard-Swift/Extensions/View
  - YapDatabase/Standard-Swift/Extensions/FullTextSearch (3.1.4):
    - YapDatabase/Standard-ObjC/Extensions/FullTextSearch
    - YapDatabase/Standard-Swift/Core
  - YapDatabase/Standard-Swift/Extensions/Hooks (3.1.4):
    - YapDatabase/Standard-ObjC/Extensions/Hooks
    - YapDatabase/Standard-Swift/Core
  - YapDatabase/Standard-Swift/Extensions/ManualView (3.1.4):
    - YapDatabase/Standard-ObjC/Extensions/ManualView
    - YapDatabase/Standard-Swift/Core
    - YapDatabase/Standard-Swift/Extensions/View
  - YapDatabase/Standard-Swift/Extensions/Relationships (3.1.4):
    - YapDatabase/Standard-ObjC/Extensions/Relationships
    - YapDatabase/Standard-Swift/Core
  - YapDatabase/Standard-Swift/Extensions/RTreeIndex (3.1.4):
    - YapDatabase/Standard-ObjC/Extensions/RTreeIndex
    - YapDatabase/Standard-Swift/Core
  - YapDatabase/Standard-Swift/Extensions/SearchResultsView (3.1.4):
    - YapDatabase/Standard-ObjC/Extensions/SearchResultsView
    - YapDatabase/Standard-Swift/Core
    - YapDatabase/Standard-Swift/Extensions/AutoView
    - YapDatabase/Standard-Swift/Extensions/FullTextSearch
  - YapDatabase/Standard-Swift/Extensions/SecondaryIndex (3.1.4):
    - YapDatabase/Standard-ObjC/Extensions/SecondaryIndex
    - YapDatabase/Standard-Swift/Core
  - YapDatabase/Standard-Swift/Extensions/View (3.1.4):
    - YapDatabase/Standard-ObjC/Extensions/View
    - YapDatabase/Standard-Swift/Core

DEPENDENCIES:
  - YapDatabase/Standard-Swift (from `../../`)

EXTERNAL SOURCES:
  YapDatabase:
    :path: "../../"

SPEC CHECKSUMS:
  YapDatabase: c18007a628db2e9110293ad35bb613350c83c99d

PODFILE CHECKSUM: e82fc62e5cd50036b69e2397290bc5cae3f85a7b

COCOAPODS: 1.8.4
