PODS:
  - YapDatabase/Standard (4.0):
    - YapDatabase/Standard/Core (= 4.0)
    - YapDatabase/Standard/Extensions (= 4.0)
  - YapDatabase/Standard-ObjC/Core (4.0)
  - YapDatabase/Standard-ObjC/Extensions/ActionManager (4.0):
    - YapDatabase/Standard-ObjC/Core
    - YapDatabase/Standard-ObjC/Extensions/AutoView
  - YapDatabase/Standard-ObjC/Extensions/AutoView (4.0):
    - YapDatabase/Standard-ObjC/Core
    - YapDatabase/Standard-ObjC/Extensions/View
  - YapDatabase/Standard-ObjC/Extensions/CloudCore (4.0):
    - YapDatabase/Standard-ObjC/Core
  - YapDatabase/Standard-ObjC/Extensions/CloudKit (4.0):
    - YapDatabase/Standard-ObjC/Core
  - YapDatabase/Standard-ObjC/Extensions/CrossProcessNotification (4.0):
    - YapDatabase/Standard-ObjC/Core
  - YapDatabase/Standard-ObjC/Extensions/FilteredView (4.0):
    - YapDatabase/Standard-ObjC/Core
    - YapDatabase/Standard-ObjC/Extensions/View
  - YapDatabase/Standard-ObjC/Extensions/FullTextSearch (4.0):
    - YapDatabase/Standard-ObjC/Core
  - YapDatabase/Standard-ObjC/Extensions/Hooks (4.0):
    - YapDatabase/Standard-ObjC/Core
  - YapDatabase/Standard-ObjC/Extensions/ManualView (4.0):
    - YapDatabase/Standard-ObjC/Core
    - YapDatabase/Standard-ObjC/Extensions/View
  - YapDatabase/Standard-ObjC/Extensions/Relationships (4.0):
    - YapDatabase/Standard-ObjC/Core
  - YapDatabase/Standard-ObjC/Extensions/RTreeIndex (4.0):
    - YapDatabase/Standard-ObjC/Core
  - YapDatabase/Standard-ObjC/Extensions/SearchResultsView (4.0):
    - YapDatabase/Standard-ObjC/Core
    - YapDatabase/Standard-ObjC/Extensions/AutoView
    - YapDatabase/Standard-ObjC/Extensions/FullTextSearch
  - YapDatabase/Standard-ObjC/Extensions/SecondaryIndex (4.0):
    - YapDatabase/Standard-ObjC/Core
  - YapDatabase/Standard-ObjC/Extensions/View (4.0):
    - YapDatabase/Standard-ObjC/Core
  - YapDatabase/Standard/Core (4.0):
    - YapDatabase/Standard-ObjC/Core
  - YapDatabase/Standard/Extensions (4.0):
    - YapDatabase/Standard/Core
    - YapDatabase/Standard/Extensions/ActionManager (= 4.0)
    - YapDatabase/Standard/Extensions/AutoView (= 4.0)
    - YapDatabase/Standard/Extensions/CloudCore (= 4.0)
    - YapDatabase/Standard/Extensions/CloudKit (= 4.0)
    - YapDatabase/Standard/Extensions/CrossProcessNotification (= 4.0)
    - YapDatabase/Standard/Extensions/FilteredView (= 4.0)
    - YapDatabase/Standard/Extensions/FullTextSearch (= 4.0)
    - YapDatabase/Standard/Extensions/Hooks (= 4.0)
    - YapDatabase/Standard/Extensions/ManualView (= 4.0)
    - YapDatabase/Standard/Extensions/Relationships (= 4.0)
    - YapDatabase/Standard/Extensions/RTreeIndex (= 4.0)
    - YapDatabase/Standard/Extensions/SearchResultsView (= 4.0)
    - YapDatabase/Standard/Extensions/SecondaryIndex (= 4.0)
    - YapDatabase/Standard/Extensions/View (= 4.0)
  - YapDatabase/Standard/Extensions/ActionManager (4.0):
    - YapDatabase/Standard-ObjC/Extensions/ActionManager
    - YapDatabase/Standard/Core
    - YapDatabase/Standard/Extensions/AutoView
  - YapDatabase/Standard/Extensions/AutoView (4.0):
    - YapDatabase/Standard-ObjC/Extensions/AutoView
    - YapDatabase/Standard/Core
    - YapDatabase/Standard/Extensions/View
  - YapDatabase/Standard/Extensions/CloudCore (4.0):
    - YapDatabase/Standard-ObjC/Extensions/CloudCore
    - YapDatabase/Standard/Core
  - YapDatabase/Standard/Extensions/CloudKit (4.0):
    - YapDatabase/Standard-ObjC/Extensions/CloudKit
    - YapDatabase/Standard/Core
  - YapDatabase/Standard/Extensions/CrossProcessNotification (4.0):
    - YapDatabase/Standard-ObjC/Extensions/CrossProcessNotification
    - YapDatabase/Standard/Core
  - YapDatabase/Standard/Extensions/FilteredView (4.0):
    - YapDatabase/Standard-ObjC/Extensions/FilteredView
    - YapDatabase/Standard/Core
    - YapDatabase/Standard/Extensions/View
  - YapDatabase/Standard/Extensions/FullTextSearch (4.0):
    - YapDatabase/Standard-ObjC/Extensions/FullTextSearch
    - YapDatabase/Standard/Core
  - YapDatabase/Standard/Extensions/Hooks (4.0):
    - YapDatabase/Standard-ObjC/Extensions/Hooks
    - YapDatabase/Standard/Core
  - YapDatabase/Standard/Extensions/ManualView (4.0):
    - YapDatabase/Standard-ObjC/Extensions/ManualView
    - YapDatabase/Standard/Core
    - YapDatabase/Standard/Extensions/View
  - YapDatabase/Standard/Extensions/Relationships (4.0):
    - YapDatabase/Standard-ObjC/Extensions/Relationships
    - YapDatabase/Standard/Core
  - YapDatabase/Standard/Extensions/RTreeIndex (4.0):
    - YapDatabase/Standard-ObjC/Extensions/RTreeIndex
    - YapDatabase/Standard/Core
  - YapDatabase/Standard/Extensions/SearchResultsView (4.0):
    - YapDatabase/Standard-ObjC/Extensions/SearchResultsView
    - YapDatabase/Standard/Core
    - YapDatabase/Standard/Extensions/AutoView
    - YapDatabase/Standard/Extensions/FullTextSearch
  - YapDatabase/Standard/Extensions/SecondaryIndex (4.0):
    - YapDatabase/Standard-ObjC/Extensions/SecondaryIndex
    - YapDatabase/Standard/Core
  - YapDatabase/Standard/Extensions/View (4.0):
    - YapDatabase/Standard-ObjC/Extensions/View
    - YapDatabase/Standard/Core

DEPENDENCIES:
  - YapDatabase/Standard (from `../../`)

EXTERNAL SOURCES:
  YapDatabase:
    :path: "../../"

SPEC CHECKSUMS:
  YapDatabase: 260b1b0b3e6ae6775383edc923e19813586615eb

PODFILE CHECKSUM: 5cc3cb348f758d1603c28630ed12d3fcdd3e5c8a

COCOAPODS: 1.8.4
